
Microsoft Visual Studio Solution File, Format Version 12.00
# Visual Studio 14
VisualStudioVersion = 14.0.25420.1
MinimumVisualStudioVersion = 10.0.40219.1
Project("{FAE04EC0-301F-11D3-BF4B-00C04F79EFBC}") = "Nonalib", "Nonalib\Nonalib.csproj", "{7455504C-93A2-4BE6-B3B5-B785113227BD}"
EndProject
Project("{FAE04EC0-301F-11D3-BF4B-00C04F79EFBC}") = "Nonatest", "Nonatest\Nonatest.csproj", "{98982ECD-A7CF-4B6F-B1C9-86868FB29F6C}"
EndProject
Project("{FAE04EC0-301F-11D3-BF4B-00C04F79EFBC}") = "Pinwheel", "Pinwheel\Pinwheel.csproj", "{85C66095-2EF4-4C24-BF83-3392699DD4C3}"
EndProject
Project("{FAE04EC0-301F-11D3-BF4B-00C04F79EFBC}") = "PinwheelLib", "PinwheelLib\PinwheelLib.csproj", "{5948EE78-77DF-4D40-A5F1-514AA895BF2D}"
EndProject
Project("{FAE04EC0-301F-11D3-BF4B-00C04F79EFBC}") = "PinGUI", "PinGUI\PinGUI.csproj", "{1CE63D41-8558-41AD-807C-8E52BEFA37C3}"
EndProject
Project("{FAE04EC0-301F-11D3-BF4B-00C04F79EFBC}") = "PinLib", "PinLib\PinLib.csproj", "{B2F856AB-0AF0-4645-83C8-929B578A335A}"
EndProject
Global
	GlobalSection(SolutionConfigurationPlatforms) = preSolution
		Debug|Any CPU = Debug|Any CPU
		Debug|ARM = Debug|ARM
		Debug|x64 = Debug|x64
		Debug|x86 = Debug|x86
		Release|Any CPU = Release|Any CPU
		Release|ARM = Release|ARM
		Release|x64 = Release|x64
		Release|x86 = Release|x86
	EndGlobalSection
	GlobalSection(ProjectConfigurationPlatforms) = postSolution
		{7455504C-93A2-4BE6-B3B5-B785113227BD}.Debug|Any CPU.ActiveCfg = Debug|Any CPU
		{7455504C-93A2-4BE6-B3B5-B785113227BD}.Debug|Any CPU.Build.0 = Debug|Any CPU
		{7455504C-93A2-4BE6-B3B5-B785113227BD}.Debug|ARM.ActiveCfg = Debug|ARM
		{7455504C-93A2-4BE6-B3B5-B785113227BD}.Debug|ARM.Build.0 = Debug|ARM
		{7455504C-93A2-4BE6-B3B5-B785113227BD}.Debug|x64.ActiveCfg = Debug|x64
		{7455504C-93A2-4BE6-B3B5-B785113227BD}.Debug|x64.Build.0 = Debug|x64
		{7455504C-93A2-4BE6-B3B5-B785113227BD}.Debug|x86.ActiveCfg = Debug|x86
		{7455504C-93A2-4BE6-B3B5-B785113227BD}.Debug|x86.Build.0 = Debug|x86
		{7455504C-93A2-4BE6-B3B5-B785113227BD}.Release|Any CPU.ActiveCfg = Release|Any CPU
		{7455504C-93A2-4BE6-B3B5-B785113227BD}.Release|Any CPU.Build.0 = Release|Any CPU
		{7455504C-93A2-4BE6-B3B5-B785113227BD}.Release|ARM.ActiveCfg = Release|ARM
		{7455504C-93A2-4BE6-B3B5-B785113227BD}.Release|ARM.Build.0 = Release|ARM
		{7455504C-93A2-4BE6-B3B5-B785113227BD}.Release|x64.ActiveCfg = Release|x64
		{7455504C-93A2-4BE6-B3B5-B785113227BD}.Release|x64.Build.0 = Release|x64
		{7455504C-93A2-4BE6-B3B5-B785113227BD}.Release|x86.ActiveCfg = Release|x86
		{7455504C-93A2-4BE6-B3B5-B785113227BD}.Release|x86.Build.0 = Release|x86
		{98982ECD-A7CF-4B6F-B1C9-86868FB29F6C}.Debug|Any CPU.ActiveCfg = Debug|Any CPU
		{98982ECD-A7CF-4B6F-B1C9-86868FB29F6C}.Debug|Any CPU.Build.0 = Debug|Any CPU
		{98982ECD-A7CF-4B6F-B1C9-86868FB29F6C}.Debug|ARM.ActiveCfg = Debug|Any CPU
		{98982ECD-A7CF-4B6F-B1C9-86868FB29F6C}.Debug|ARM.Build.0 = Debug|Any CPU
		{98982ECD-A7CF-4B6F-B1C9-86868FB29F6C}.Debug|x64.ActiveCfg = Debug|Any CPU
		{98982ECD-A7CF-4B6F-B1C9-86868FB29F6C}.Debug|x64.Build.0 = Debug|Any CPU
		{98982ECD-A7CF-4B6F-B1C9-86868FB29F6C}.Debug|x86.ActiveCfg = Debug|Any CPU
		{98982ECD-A7CF-4B6F-B1C9-86868FB29F6C}.Debug|x86.Build.0 = Debug|Any CPU
		{98982ECD-A7CF-4B6F-B1C9-86868FB29F6C}.Release|Any CPU.ActiveCfg = Release|Any CPU
		{98982ECD-A7CF-4B6F-B1C9-86868FB29F6C}.Release|Any CPU.Build.0 = Release|Any CPU
		{98982ECD-A7CF-4B6F-B1C9-86868FB29F6C}.Release|ARM.ActiveCfg = Release|Any CPU
		{98982ECD-A7CF-4B6F-B1C9-86868FB29F6C}.Release|ARM.Build.0 = Release|Any CPU
		{98982ECD-A7CF-4B6F-B1C9-86868FB29F6C}.Release|x64.ActiveCfg = Release|Any CPU
		{98982ECD-A7CF-4B6F-B1C9-86868FB29F6C}.Release|x64.Build.0 = Release|Any CPU
		{98982ECD-A7CF-4B6F-B1C9-86868FB29F6C}.Release|x86.ActiveCfg = Release|Any CPU
		{98982ECD-A7CF-4B6F-B1C9-86868FB29F6C}.Release|x86.Build.0 = Release|Any CPU
		{85C66095-2EF4-4C24-BF83-3392699DD4C3}.Debug|Any CPU.ActiveCfg = Debug|Any CPU
		{85C66095-2EF4-4C24-BF83-3392699DD4C3}.Debug|Any CPU.Build.0 = Debug|Any CPU
		{85C66095-2EF4-4C24-BF83-3392699DD4C3}.Debug|ARM.ActiveCfg = Debug|Any CPU
		{85C66095-2EF4-4C24-BF83-3392699DD4C3}.Debug|ARM.Build.0 = Debug|Any CPU
		{85C66095-2EF4-4C24-BF83-3392699DD4C3}.Debug|x64.ActiveCfg = Debug|Any CPU
		{85C66095-2EF4-4C24-BF83-3392699DD4C3}.Debug|x64.Build.0 = Debug|Any CPU
		{85C66095-2EF4-4C24-BF83-3392699DD4C3}.Debug|x86.ActiveCfg = Debug|Any CPU
		{85C66095-2EF4-4C24-BF83-3392699DD4C3}.Debug|x86.Build.0 = Debug|Any CPU
		{85C66095-2EF4-4C24-BF83-3392699DD4C3}.Release|Any CPU.ActiveCfg = Release|Any CPU
		{85C66095-2EF4-4C24-BF83-3392699DD4C3}.Release|Any CPU.Build.0 = Release|Any CPU
		{85C66095-2EF4-4C24-BF83-3392699DD4C3}.Release|ARM.ActiveCfg = Release|Any CPU
		{85C66095-2EF4-4C24-BF83-3392699DD4C3}.Release|ARM.Build.0 = Release|Any CPU
		{85C66095-2EF4-4C24-BF83-3392699DD4C3}.Release|x64.ActiveCfg = Release|Any CPU
		{85C66095-2EF4-4C24-BF83-3392699DD4C3}.Release|x64.Build.0 = Release|Any CPU
		{85C66095-2EF4-4C24-BF83-3392699DD4C3}.Release|x86.ActiveCfg = Release|Any CPU
		{85C66095-2EF4-4C24-BF83-3392699DD4C3}.Release|x86.Build.0 = Release|Any CPU
		{5948EE78-77DF-4D40-A5F1-514AA895BF2D}.Debug|Any CPU.ActiveCfg = Debug|Any CPU
		{5948EE78-77DF-4D40-A5F1-514AA895BF2D}.Debug|Any CPU.Build.0 = Debug|Any CPU
		{5948EE78-77DF-4D40-A5F1-514AA895BF2D}.Debug|ARM.ActiveCfg = Debug|Any CPU
		{5948EE78-77DF-4D40-A5F1-514AA895BF2D}.Debug|ARM.Build.0 = Debug|Any CPU
		{5948EE78-77DF-4D40-A5F1-514AA895BF2D}.Debug|x64.ActiveCfg = Debug|Any CPU
		{5948EE78-77DF-4D40-A5F1-514AA895BF2D}.Debug|x64.Build.0 = Debug|Any CPU
		{5948EE78-77DF-4D40-A5F1-514AA895BF2D}.Debug|x86.ActiveCfg = Debug|Any CPU
		{5948EE78-77DF-4D40-A5F1-514AA895BF2D}.Debug|x86.Build.0 = Debug|Any CPU
		{5948EE78-77DF-4D40-A5F1-514AA895BF2D}.Release|Any CPU.ActiveCfg = Release|Any CPU
		{5948EE78-77DF-4D40-A5F1-514AA895BF2D}.Release|Any CPU.Build.0 = Release|Any CPU
		{5948EE78-77DF-4D40-A5F1-514AA895BF2D}.Release|ARM.ActiveCfg = Release|Any CPU
		{5948EE78-77DF-4D40-A5F1-514AA895BF2D}.Release|ARM.Build.0 = Release|Any CPU
		{5948EE78-77DF-4D40-A5F1-514AA895BF2D}.Release|x64.ActiveCfg = Release|Any CPU
		{5948EE78-77DF-4D40-A5F1-514AA895BF2D}.Release|x64.Build.0 = Release|Any CPU
		{5948EE78-77DF-4D40-A5F1-514AA895BF2D}.Release|x86.ActiveCfg = Release|Any CPU
		{5948EE78-77DF-4D40-A5F1-514AA895BF2D}.Release|x86.Build.0 = Release|Any CPU
		{1CE63D41-8558-41AD-807C-8E52BEFA37C3}.Debug|Any CPU.ActiveCfg = Debug|x86
		{1CE63D41-8558-41AD-807C-8E52BEFA37C3}.Debug|Any CPU.Build.0 = Debug|x86
		{1CE63D41-8558-41AD-807C-8E52BEFA37C3}.Debug|Any CPU.Deploy.0 = Debug|x86
		{1CE63D41-8558-41AD-807C-8E52BEFA37C3}.Debug|ARM.ActiveCfg = Debug|ARM
		{1CE63D41-8558-41AD-807C-8E52BEFA37C3}.Debug|ARM.Build.0 = Debug|ARM
		{1CE63D41-8558-41AD-807C-8E52BEFA37C3}.Debug|ARM.Deploy.0 = Debug|ARM
		{1CE63D41-8558-41AD-807C-8E52BEFA37C3}.Debug|x64.ActiveCfg = Debug|x64
		{1CE63D41-8558-41AD-807C-8E52BEFA37C3}.Debug|x64.Build.0 = Debug|x64
		{1CE63D41-8558-41AD-807C-8E52BEFA37C3}.Debug|x64.Deploy.0 = Debug|x64
		{1CE63D41-8558-41AD-807C-8E52BEFA37C3}.Debug|x86.ActiveCfg = Debug|x86
		{1CE63D41-8558-41AD-807C-8E52BEFA37C3}.Debug|x86.Build.0 = Debug|x86
		{1CE63D41-8558-41AD-807C-8E52BEFA37C3}.Debug|x86.Deploy.0 = Debug|x86
		{1CE63D41-8558-41AD-807C-8E52BEFA37C3}.Release|Any CPU.ActiveCfg = Release|x86
		{1CE63D41-8558-41AD-807C-8E52BEFA37C3}.Release|ARM.ActiveCfg = Release|ARM
		{1CE63D41-8558-41AD-807C-8E52BEFA37C3}.Release|ARM.Build.0 = Release|ARM
		{1CE63D41-8558-41AD-807C-8E52BEFA37C3}.Release|ARM.Deploy.0 = Release|ARM
		{1CE63D41-8558-41AD-807C-8E52BEFA37C3}.Release|x64.ActiveCfg = Release|x64
		{1CE63D41-8558-41AD-807C-8E52BEFA37C3}.Release|x64.Build.0 = Release|x64
		{1CE63D41-8558-41AD-807C-8E52BEFA37C3}.Release|x64.Deploy.0 = Release|x64
		{1CE63D41-8558-41AD-807C-8E52BEFA37C3}.Release|x86.ActiveCfg = Release|x86
		{1CE63D41-8558-41AD-807C-8E52BEFA37C3}.Release|x86.Build.0 = Release|x86
		{1CE63D41-8558-41AD-807C-8E52BEFA37C3}.Release|x86.Deploy.0 = Release|x86
		{B2F856AB-0AF0-4645-83C8-929B578A335A}.Debug|Any CPU.ActiveCfg = Debug|Any CPU
		{B2F856AB-0AF0-4645-83C8-929B578A335A}.Debug|Any CPU.Build.0 = Debug|Any CPU
		{B2F856AB-0AF0-4645-83C8-929B578A335A}.Debug|ARM.ActiveCfg = Debug|ARM
		{B2F856AB-0AF0-4645-83C8-929B578A335A}.Debug|ARM.Build.0 = Debug|ARM
		{B2F856AB-0AF0-4645-83C8-929B578A335A}.Debug|x64.ActiveCfg = Debug|x64
		{B2F856AB-0AF0-4645-83C8-929B578A335A}.Debug|x64.Build.0 = Debug|x64
		{B2F856AB-0AF0-4645-83C8-929B578A335A}.Debug|x86.ActiveCfg = Debug|x86
		{B2F856AB-0AF0-4645-83C8-929B578A335A}.Debug|x86.Build.0 = Debug|x86
		{B2F856AB-0AF0-4645-83C8-929B578A335A}.Release|Any CPU.ActiveCfg = Release|Any CPU
		{B2F856AB-0AF0-4645-83C8-929B578A335A}.Release|Any CPU.Build.0 = Release|Any CPU
		{B2F856AB-0AF0-4645-83C8-929B578A335A}.Release|ARM.ActiveCfg = Release|ARM
		{B2F856AB-0AF0-4645-83C8-929B578A335A}.Release|ARM.Build.0 = Release|ARM
		{B2F856AB-0AF0-4645-83C8-929B578A335A}.Release|x64.ActiveCfg = Release|x64
		{B2F856AB-0AF0-4645-83C8-929B578A335A}.Release|x64.Build.0 = Release|x64
		{B2F856AB-0AF0-4645-83C8-929B578A335A}.Release|x86.ActiveCfg = Release|x86
		{B2F856AB-0AF0-4645-83C8-929B578A335A}.Release|x86.Build.0 = Release|x86
	EndGlobalSection
	GlobalSection(SolutionProperties) = preSolution
		HideSolutionNode = FALSE
	EndGlobalSection
EndGlobal
